Microsoft Visual Studio Solution File, Format Version 11.00
# Visual Studio 2008

Project("{31302517-1EC8-4B51-255F-73176DA87443}") = "AstralApprentice", "Assembly-CSharp.csproj", "{46B19417-345D-3090-E457-3A7CA3A0966B}"
EndProject
Project("{31302517-1EC8-4B51-255F-73176DA87443}") = "AstralApprentice", "Assembly-CSharp-Editor.csproj", "{5CA19068-5631-8C10-3E0E-D953B7822442}"
EndProject
Global
	GlobalSection(SolutionConfigurationPlatforms) = preSolution
		Debug|Any CPU = Debug|Any CPU
		Release|Any CPU = Release|Any CPU
	EndGlobalSection
	GlobalSection(ProjectConfigurationPlatforms) = postSolution
		{46B19417-345D-3090-E457-3A7CA3A0966B}.Debug|Any CPU.ActiveCfg = Debug|Any CPU
		{46B19417-345D-3090-E457-3A7CA3A0966B}.Debug|Any CPU.Build.0 = Debug|Any CPU
		{46B19417-345D-3090-E457-3A7CA3A0966B}.Release|Any CPU.ActiveCfg = Release|Any CPU
		{46B19417-345D-3090-E457-3A7CA3A0966B}.Release|Any CPU.Build.0 = Release|Any CPU
		{5CA19068-5631-8C10-3E0E-D953B7822442}.Debug|Any CPU.ActiveCfg = Debug|Any CPU
		{5CA19068-5631-8C10-3E0E-D953B7822442}.Debug|Any CPU.Build.0 = Debug|Any CPU
		{5CA19068-5631-8C10-3E0E-D953B7822442}.Release|Any CPU.ActiveCfg = Release|Any CPU
		{5CA19068-5631-8C10-3E0E-D953B7822442}.Release|Any CPU.Build.0 = Release|Any CPU
	EndGlobalSection
	GlobalSection(SolutionProperties) = preSolution
		HideSolutionNode = FALSE
	EndGlobalSection
																												GlobalSection(MonoDevelopProperties) = preSolution
		StartupItem = Assembly-CSharp.csproj
		Policies = $0
		$0.TextStylePolicy = $1
		$1.inheritsSet = null
		$1.scope = text/x-csharp
		$0.CSharpFormattingPolicy = $2
		$2.inheritsSet = Mono
		$2.inheritsScope = text/x-csharp
		$2.scope = text/x-csharp
		$0.TextStylePolicy = $3
		$3.FileWidth = 120
		$3.TabWidth = 4
		$3.IndentWidth = 4
		$3.EolMarker = Unix
		$3.inheritsSet = Mono
		$3.inheritsScope = text/plain
		$3.scope = text/plain
	EndGlobalSection

EndGlobal
